PODS:
  - Illuminator (1.0.0)
  - IlluminatorBridge (1.0.0)

DEPENDENCIES:
  - Illuminator (from `../`)
  - IlluminatorBridge (from `../`)

EXTERNAL SOURCES:
  Illuminator:
    :path: "../"
  IlluminatorBridge:
    :path: "../"

SPEC CHECKSUMS:
  Illuminator: 0cdf706e679fb9ca50dca277eb5e578036e5feaf
  IlluminatorBridge: 4d7165049754ead303c135c4fa75753158ead8f0

COCOAPODS: 0.39.0
