PODS:
  - Illuminator (1.0.0)
  - IlluminatorBridge (1.0.0)

DEPENDENCIES:
  - Illuminator (from `../`)
  - IlluminatorBridge (from `../`)

EXTERNAL SOURCES:
  Illuminator:
    :path: "../"
  IlluminatorBridge:
    :path: "../"

SPEC CHECKSUMS:
  Illuminator: d27a66b04327bcd6f4874419991183f6c8cf5e14
  IlluminatorBridge: 8ea50ec65a6409aa1d5d5bf71c7e3449f092c861

COCOAPODS: 0.39.0
