PODS:
  - Illuminator (1.0.0)
  - IlluminatorBridge (1.0.0)

DEPENDENCIES:
  - Illuminator (from `../`)
  - IlluminatorBridge (from `../`)

EXTERNAL SOURCES:
  Illuminator:
    :path: ../
  IlluminatorBridge:
    :path: ../

SPEC CHECKSUMS:
  Illuminator: 6d8f24058d2a8b1140416fba8f70f347c809d8e4
  IlluminatorBridge: c49f2ba92abf8b499dbfd41abd8e0a364adbe5c8

PODFILE CHECKSUM: fa3ff777fdd8c111b7d08ae862a0492c6f836e4d

COCOAPODS: 1.2.0
